// !$*UTF8*$!
{
	archiveVersion = 1;
	classes = {
	};
	objectVersion = 56;
	objects = {

/* Begin PBXBuildFile section */
		563BD9A42B40D7A400D01A9D /* Model.swift in Sources */ = {isa = PBXBuildFile; fileRef = 563BD9A32B40D7A400D01A9D /* Model.swift */; };
		563BD9A62B40D85400D01A9D /* ViewModel.swift in Sources */ = {isa = PBXBuildFile; fileRef = 563BD9A52B40D85400D01A9D /* ViewModel.swift */; };
		5694343D2B0161000074E16A /* Daily_Dose_Of_PositivityApp.swift in Sources */ = {isa = PBXBuildFile; fileRef = 5694343C2B0161000074E16A /* Daily_Dose_Of_PositivityApp.swift */; };
		5694343F2B0161000074E16A /* ContentView.swift in Sources */ = {isa = PBXBuildFile; fileRef = 5694343E2B0161000074E16A /* ContentView.swift */; };
		569434412B0161030074E16A /* Assets.xcassets in Resources */ = {isa = PBXBuildFile; fileRef = 569434402B0161030074E16A /* Assets.xcassets */; };
		569434442B0161030074E16A /* Preview Assets.xcassets in Resources */ = {isa = PBXBuildFile; fileRef = 569434432B0161030074E16A /* Preview Assets.xcassets */; };
		5694344B2B0169080074E16A /* DailyQuoteView.swift in Sources */ = {isa = PBXBuildFile; fileRef = 5694344A2B0169080074E16A /* DailyQuoteView.swift */; };
		5694344D2B0169440074E16A /* GratitudeJournalView.swift in Sources */ = {isa = PBXBuildFile; fileRef = 5694344C2B0169440074E16A /* GratitudeJournalView.swift */; };
		5694344F2B016A170074E16A /* RandomActsGenerator.swift in Sources */ = {isa = PBXBuildFile; fileRef = 5694344E2B016A170074E16A /* RandomActsGenerator.swift */; };
		569434512B016ABD0074E16A /* MoodTracker.swift in Sources */ = {isa = PBXBuildFile; fileRef = 569434502B016ABD0074E16A /* MoodTracker.swift */; };
		569434532B016AE00074E16A /* MyProfileView.swift in Sources */ = {isa = PBXBuildFile; fileRef = 569434522B016AE00074E16A /* MyProfileView.swift */; };
		569434592B017DF30074E16A /* Data.json in Resources */ = {isa = PBXBuildFile; fileRef = 569434582B017DF30074E16A /* Data.json */; };
		5694345D2B03939F0074E16A /* Acts.json in Resources */ = {isa = PBXBuildFile; fileRef = 5694345C2B03939F0074E16A /* Acts.json */; };
		5694345F2B03EB310074E16A /* EmojiRatingView.swift in Sources */ = {isa = PBXBuildFile; fileRef = 5694345E2B03EB310074E16A /* EmojiRatingView.swift */; };
/* End PBXBuildFile section */

/* Begin PBXFileReference section */
		563BD9A32B40D7A400D01A9D /* Model.swift */ = {isa = PBXFileReference; lastKnownFileType = sourcecode.swift; path = Model.swift; sourceTree = "<group>"; };
		563BD9A52B40D85400D01A9D /* ViewModel.swift */ = {isa = PBXFileReference; lastKnownFileType = sourcecode.swift; path = ViewModel.swift; sourceTree = "<group>"; };
		569434392B0161000074E16A /* Daily Dose Of Positivity.app */ = {isa = PBXFileReference; explicitFileType = wrapper.application; includeInIndex = 0; path = "Daily Dose Of Positivity.app"; sourceTree = BUILT_PRODUCTS_DIR; };
		5694343C2B0161000074E16A /* Daily_Dose_Of_PositivityApp.swift */ = {isa = PBXFileReference; lastKnownFileType = sourcecode.swift; path = Daily_Dose_Of_PositivityApp.swift; sourceTree = "<group>"; };
		5694343E2B0161000074E16A /* ContentView.swift */ = {isa = PBXFileReference; lastKnownFileType = sourcecode.swift; path = ContentView.swift; sourceTree = "<group>"; };
		569434402B0161030074E16A /* Assets.xcassets */ = {isa = PBXFileReference; lastKnownFileType = folder.assetcatalog; path = Assets.xcassets; sourceTree = "<group>"; };
		569434432B0161030074E16A /* Preview Assets.xcassets */ = {isa = PBXFileReference; lastKnownFileType = folder.assetcatalog; path = "Preview Assets.xcassets"; sourceTree = "<group>"; };
		5694344A2B0169080074E16A /* DailyQuoteView.swift */ = {isa = PBXFileReference; lastKnownFileType = sourcecode.swift; path = DailyQuoteView.swift; sourceTree = "<group>"; };
		5694344C2B0169440074E16A /* GratitudeJournalView.swift */ = {isa = PBXFileReference; lastKnownFileType = sourcecode.swift; path = GratitudeJournalView.swift; sourceTree = "<group>"; };
		5694344E2B016A170074E16A /* RandomActsGenerator.swift */ = {isa = PBXFileReference; lastKnownFileType = sourcecode.swift; path = RandomActsGenerator.swift; sourceTree = "<group>"; };
		569434502B016ABD0074E16A /* MoodTracker.swift */ = {isa = PBXFileReference; lastKnownFileType = sourcecode.swift; path = MoodTracker.swift; sourceTree = "<group>"; };
		569434522B016AE00074E16A /* MyProfileView.swift */ = {isa = PBXFileReference; lastKnownFileType = sourcecode.swift; path = MyProfileView.swift; sourceTree = "<group>"; };
		569434582B017DF30074E16A /* Data.json */ = {isa = PBXFileReference; fileEncoding = 4; lastKnownFileType = text.json; path = Data.json; sourceTree = "<group>"; };
		5694345C2B03939F0074E16A /* Acts.json */ = {isa = PBXFileReference; fileEncoding = 4; lastKnownFileType = text.json; path = Acts.json; sourceTree = "<group>"; };
		5694345E2B03EB310074E16A /* EmojiRatingView.swift */ = {isa = PBXFileReference; fileEncoding = 4; lastKnownFileType = sourcecode.swift; path = EmojiRatingView.swift; sourceTree = "<group>"; };
/* End PBXFileReference section */

/* Begin PBXFrameworksBuildPhase section */
		569434362B0161000074E16A /* Frameworks */ = {
			isa = PBXFrameworksBuildPhase;
			buildActionMask = 2147483647;
			files = (
			);
			runOnlyForDeploymentPostprocessing = 0;
		};
/* End PBXFrameworksBuildPhase section */

/* Begin PBXGroup section */
		569434302B0161000074E16A = {
			isa = PBXGroup;
			children = (
				5694343B2B0161000074E16A /* Daily Dose Of Positivity */,
				5694343A2B0161000074E16A /* Products */,
			);
			sourceTree = "<group>";
		};
		5694343A2B0161000074E16A /* Products */ = {
			isa = PBXGroup;
			children = (
				569434392B0161000074E16A /* Daily Dose Of Positivity.app */,
			);
			name = Products;
			sourceTree = "<group>";
		};
		5694343B2B0161000074E16A /* Daily Dose Of Positivity */ = {
			isa = PBXGroup;
			children = (
				5694343C2B0161000074E16A /* Daily_Dose_Of_PositivityApp.swift */,
				563BD9A32B40D7A400D01A9D /* Model.swift */,
				563BD9A52B40D85400D01A9D /* ViewModel.swift */,
				5694343E2B0161000074E16A /* ContentView.swift */,
				5694344A2B0169080074E16A /* DailyQuoteView.swift */,
				5694344C2B0169440074E16A /* GratitudeJournalView.swift */,
				5694344E2B016A170074E16A /* RandomActsGenerator.swift */,
				569434502B016ABD0074E16A /* MoodTracker.swift */,
				5694345E2B03EB310074E16A /* EmojiRatingView.swift */,
				569434522B016AE00074E16A /* MyProfileView.swift */,
				569434582B017DF30074E16A /* Data.json */,
				5694345C2B03939F0074E16A /* Acts.json */,
				569434402B0161030074E16A /* Assets.xcassets */,
				569434422B0161030074E16A /* Preview Content */,
			);
			path = "Daily Dose Of Positivity";
			sourceTree = "<group>";
		};
		569434422B0161030074E16A /* Preview Content */ = {
			isa = PBXGroup;
			children = (
				569434432B0161030074E16A /* Preview Assets.xcassets */,
			);
			path = "Preview Content";
			sourceTree = "<group>";
		};
/* End PBXGroup section */

/* Begin PBXNativeTarget section */
		569434382B0161000074E16A /* Daily Dose Of Positivity */ = {
			isa = PBXNativeTarget;
			buildConfigurationList = 569434472B0161030074E16A /* Build configuration list for PBXNativeTarget "Daily Dose Of Positivity" */;
			buildPhases = (
				569434352B0161000074E16A /* Sources */,
				569434362B0161000074E16A /* Frameworks */,
				569434372B0161000074E16A /* Resources */,
			);
			buildRules = (
			);
			dependencies = (
			);
			name = "Daily Dose Of Positivity";
			productName = "Grocery Price Tracker";
			productReference = 569434392B0161000074E16A /* Daily Dose Of Positivity.app */;
			productType = "com.apple.product-type.application";
		};
/* End PBXNativeTarget section */

/* Begin PBXProject section */
		569434312B0161000074E16A /* Project object */ = {
			isa = PBXProject;
			attributes = {
				BuildIndependentTargetsInParallel = 1;
				LastSwiftUpdateCheck = 1430;
				LastUpgradeCheck = 1430;
				TargetAttributes = {
					569434382B0161000074E16A = {
						CreatedOnToolsVersion = 14.3.1;
					};
				};
			};
			buildConfigurationList = 569434342B0161000074E16A /* Build configuration list for PBXProject "Daily Dose Of Positivity" */;
			compatibilityVersion = "Xcode 14.0";
			developmentRegion = en;
			hasScannedForEncodings = 0;
			knownRegions = (
				en,
				Base,
			);
			mainGroup = 569434302B0161000074E16A;
			productRefGroup = 5694343A2B0161000074E16A /* Products */;
			projectDirPath = "";
			projectRoot = "";
			targets = (
				569434382B0161000074E16A /* Daily Dose Of Positivity */,
			);
		};
/* End PBXProject section */

/* Begin PBXResourcesBuildPhase section */
		569434372B0161000074E16A /* Resources */ = {
			isa = PBXResourcesBuildPhase;
			buildActionMask = 2147483647;
			files = (
				5694345D2B03939F0074E16A /* Acts.json in Resources */,
				569434592B017DF30074E16A /* Data.json in Resources */,
				569434442B0161030074E16A /* Preview Assets.xcassets in Resources */,
				569434412B0161030074E16A /* Assets.xcassets in Resources */,
			);
			runOnlyForDeploymentPostprocessing = 0;
		};
/* End PBXResourcesBuildPhase section */

/* Begin PBXSourcesBuildPhase section */
		569434352B0161000074E16A /* Sources */ = {
			isa = PBXSourcesBuildPhase;
			buildActionMask = 2147483647;
			files = (
				5694345F2B03EB310074E16A /* EmojiRatingView.swift in Sources */,
				5694344D2B0169440074E16A /* GratitudeJournalView.swift in Sources */,
				563BD9A42B40D7A400D01A9D /* Model.swift in Sources */,
				569434512B016ABD0074E16A /* MoodTracker.swift in Sources */,
				5694343F2B0161000074E16A /* ContentView.swift in Sources */,
				563BD9A62B40D85400D01A9D /* ViewModel.swift in Sources */,
				5694344B2B0169080074E16A /* DailyQuoteView.swift in Sources */,
				569434532B016AE00074E16A /* MyProfileView.swift in Sources */,
				5694343D2B0161000074E16A /* Daily_Dose_Of_PositivityApp.swift in Sources */,
				5694344F2B016A170074E16A /* RandomActsGenerator.swift in Sources */,
			);
			runOnlyForDeploymentPostprocessing = 0;
		};
/* End PBXSourcesBuildPhase section */

/* Begin XCBuildConfiguration section */
		569434452B0161030074E16A /* Debug */ = {
			isa = XCBuildConfiguration;
			buildSettings = {
				ALWAYS_SEARCH_USER_PATHS = NO;
				CLANG_ANALYZER_NONNULL = YES;
				CLANG_ANALYZER_NUMBER_OBJECT_CONVERSION = YES_AGGRESSIVE;
				CLANG_CXX_LANGUAGE_STANDARD = "gnu++20";
				CLANG_ENABLE_MODULES = YES;
				CLANG_ENABLE_OBJC_ARC = YES;
				CLANG_ENABLE_OBJC_WEAK = YES;
				CLANG_WARN_BLOCK_CAPTURE_AUTORELEASING = YES;
				CLANG_WARN_BOOL_CONVERSION = YES;
				CLANG_WARN_COMMA = YES;
				CLANG_WARN_CONSTANT_CONVERSION = YES;
				CLANG_WARN_DEPRECATED_OBJC_IMPLEMENTATIONS = YES;
				CLANG_WARN_DIRECT_OBJC_ISA_USAGE = YES_ERROR;
				CLANG_WARN_DOCUMENTATION_COMMENTS = YES;
				CLANG_WARN_EMPTY_BODY = YES;
				CLANG_WARN_ENUM_CONVERSION = YES;
				CLANG_WARN_INFINITE_RECURSION = YES;
				CLANG_WARN_INT_CONVERSION = YES;
				CLANG_WARN_NON_LITERAL_NULL_CONVERSION = YES;
				CLANG_WARN_OBJC_IMPLICIT_RETAIN_SELF = YES;
				CLANG_WARN_OBJC_LITERAL_CONVERSION = YES;
				CLANG_WARN_OBJC_ROOT_CLASS = YES_ERROR;
				CLANG_WARN_QUOTED_INCLUDE_IN_FRAMEWORK_HEADER = YES;
				CLANG_WARN_RANGE_LOOP_ANALYSIS = YES;
				CLANG_WARN_STRICT_PROTOTYPES = YES;
				CLANG_WARN_SUSPICIOUS_MOVE = YES;
				CLANG_WARN_UNGUARDED_AVAILABILITY = YES_AGGRESSIVE;
				CLANG_WARN_UNREACHABLE_CODE = YES;
				CLANG_WARN__DUPLICATE_METHOD_MATCH = YES;
				COPY_PHASE_STRIP = NO;
				DEBUG_INFORMATION_FORMAT = dwarf;
				ENABLE_STRICT_OBJC_MSGSEND = YES;
				ENABLE_TESTABILITY = YES;
				GCC_C_LANGUAGE_STANDARD = gnu11;
				GCC_DYNAMIC_NO_PIC = NO;
				GCC_NO_COMMON_BLOCKS = YES;
				GCC_OPTIMIZATION_LEVEL = 0;
				GCC_PREPROCESSOR_DEFINITIONS = (
					"DEBUG=1",
					"$(inherited)",
				);
				GCC_WARN_64_TO_32_BIT_CONVERSION = YES;
				GCC_WARN_ABOUT_RETURN_TYPE = YES_ERROR;
				GCC_WARN_UNDECLARED_SELECTOR = YES;
				GCC_WARN_UNINITIALIZED_AUTOS = YES_AGGRESSIVE;
				GCC_WARN_UNUSED_FUNCTION = YES;
				GCC_WARN_UNUSED_VARIABLE = YES;
				IPHONEOS_DEPLOYMENT_TARGET = 16.4;
				MTL_ENABLE_DEBUG_INFO = INCLUDE_SOURCE;
				MTL_FAST_MATH = YES;
				ONLY_ACTIVE_ARCH = YES;
				SDKROOT = iphoneos;
				SWIFT_ACTIVE_COMPILATION_CONDITIONS = DEBUG;
				SWIFT_OPTIMIZATION_LEVEL = "-Onone";
			};
			name = Debug;
		};
		569434462B0161030074E16A /* Release */ = {
			isa = XCBuildConfiguration;
			buildSettings = {
				ALWAYS_SEARCH_USER_PATHS = NO;
				CLANG_ANALYZER_NONNULL = YES;
				CLANG_ANALYZER_NUMBER_OBJECT_CONVERSION = YES_AGGRESSIVE;
				CLANG_CXX_LANGUAGE_STANDARD = "gnu++20";
				CLANG_ENABLE_MODULES = YES;
				CLANG_ENABLE_OBJC_ARC = YES;
				CLANG_ENABLE_OBJC_WEAK = YES;
				CLANG_WARN_BLOCK_CAPTURE_AUTORELEASING = YES;
				CLANG_WARN_BOOL_CONVERSION = YES;
				CLANG_WARN_COMMA = YES;
				CLANG_WARN_CONSTANT_CONVERSION = YES;
				CLANG_WARN_DEPRECATED_OBJC_IMPLEMENTATIONS = YES;
				CLANG_WARN_DIRECT_OBJC_ISA_USAGE = YES_ERROR;
				CLANG_WARN_DOCUMENTATION_COMMENTS = YES;
				CLANG_WARN_EMPTY_BODY = YES;
				CLANG_WARN_ENUM_CONVERSION = YES;
				CLANG_WARN_INFINITE_RECURSION = YES;
				CLANG_WARN_INT_CONVERSION = YES;
				CLANG_WARN_NON_LITERAL_NULL_CONVERSION = YES;
				CLANG_WARN_OBJC_IMPLICIT_RETAIN_SELF = YES;
				CLANG_WARN_OBJC_LITERAL_CONVERSION = YES;
				CLANG_WARN_OBJC_ROOT_CLASS = YES_ERROR;
				CLANG_WARN_QUOTED_INCLUDE_IN_FRAMEWORK_HEADER = YES;
				CLANG_WARN_RANGE_LOOP_ANALYSIS = YES;
				CLANG_WARN_STRICT_PROTOTYPES = YES;
				CLANG_WARN_SUSPICIOUS_MOVE = YES;
				CLANG_WARN_UNGUARDED_AVAILABILITY = YES_AGGRESSIVE;
				CLANG_WARN_UNREACHABLE_CODE = YES;
				CLANG_WARN__DUPLICATE_METHOD_MATCH = YES;
				COPY_PHASE_STRIP = NO;
				DEBUG_INFORMATION_FORMAT = "dwarf-with-dsym";
				ENABLE_NS_ASSERTIONS = NO;
				ENABLE_STRICT_OBJC_MSGSEND = YES;
				GCC_C_LANGUAGE_STANDARD = gnu11;
				GCC_NO_COMMON_BLOCKS = YES;
				GCC_WARN_64_TO_32_BIT_CONVERSION = YES;
				GCC_WARN_ABOUT_RETURN_TYPE = YES_ERROR;
				GCC_WARN_UNDECLARED_SELECTOR = YES;
				GCC_WARN_UNINITIALIZED_AUTOS = YES_AGGRESSIVE;
				GCC_WARN_UNUSED_FUNCTION = YES;
				GCC_WARN_UNUSED_VARIABLE = YES;
				IPHONEOS_DEPLOYMENT_TARGET = 16.4;
				MTL_ENABLE_DEBUG_INFO = NO;
				MTL_FAST_MATH = YES;
				SDKROOT = iphoneos;
				SWIFT_COMPILATION_MODE = wholemodule;
				SWIFT_OPTIMIZATION_LEVEL = "-O";
				VALIDATE_PRODUCT = YES;
			};
			name = Release;
		};
		569434482B0161030074E16A /* Debug */ = {
			isa = XCBuildConfiguration;
			buildSettings = {
				ASSETCATALOG_COMPILER_APPICON_NAME = AppIcon;
				ASSETCATALOG_COMPILER_GLOBAL_ACCENT_COLOR_NAME = AccentColor;
				CODE_SIGN_STYLE = Automatic;
				CURRENT_PROJECT_VERSION = 1;
				DEVELOPMENT_ASSET_PATHS = "\"Daily Dose Of Positivity/Preview Content\"";
				DEVELOPMENT_TEAM = GQ4HQAT7P8;
				ENABLE_PREVIEWS = YES;
				GENERATE_INFOPLIST_FILE = YES;
				INFOPLIST_KEY_UIApplicationSceneManifest_Generation = YES;
				INFOPLIST_KEY_UIApplicationSupportsIndirectInputEvents = YES;
				INFOPLIST_KEY_UILaunchScreen_Generation = YES;
				INFOPLIST_KEY_UISupportedInterfaceOrientations_iPad = "UIInterfaceOrientationPortrait UIInterfaceOrientationPortraitUpsideDown UIInterfaceOrientationLandscapeLeft UIInterfaceOrientationLandscapeRight";
				INFOPLIST_KEY_UISupportedInterfaceOrientations_iPhone = "UIInterfaceOrientationPortrait UIInterfaceOrientationLandscapeLeft UIInterfaceOrientationLandscapeRight";
				LD_RUNPATH_SEARCH_PATHS = (
					"$(inherited)",
					"@executable_path/Frameworks",
				);
				MARKETING_VERSION = 1.0;
				PRODUCT_BUNDLE_IDENTIFIER = "me.Hryniuk.Viachaslau.Grocery-Price-Tracker";
				PRODUCT_NAME = "$(TARGET_NAME)";
				SWIFT_EMIT_LOC_STRINGS = YES;
				SWIFT_VERSION = 5.0;
				TARGETED_DEVICE_FAMILY = "1,2";
			};
			name = Debug;
		};
		569434492B0161030074E16A /* Release */ = {
			isa = XCBuildConfiguration;
			buildSettings = {
				ASSETCATALOG_COMPILER_APPICON_NAME = AppIcon;
				ASSETCATALOG_COMPILER_GLOBAL_ACCENT_COLOR_NAME = AccentColor;
				CODE_SIGN_STYLE = Automatic;
				CURRENT_PROJECT_VERSION = 1;
				DEVELOPMENT_ASSET_PATHS = "\"Daily Dose Of Positivity/Preview Content\"";
				DEVELOPMENT_TEAM = GQ4HQAT7P8;
				ENABLE_PREVIEWS = YES;
				GENERATE_INFOPLIST_FILE = YES;
				INFOPLIST_KEY_UIApplicationSceneManifest_Generation = YES;
				INFOPLIST_KEY_UIApplicationSupportsIndirectInputEvents = YES;
				INFOPLIST_KEY_UILaunchScreen_Generation = YES;
				INFOPLIST_KEY_UISupportedInterfaceOrientations_iPad = "UIInterfaceOrientationPortrait UIInterfaceOrientationPortraitUpsideDown UIInterfaceOrientationLandscapeLeft UIInterfaceOrientationLandscapeRight";
				INFOPLIST_KEY_UISupportedInterfaceOrientations_iPhone = "UIInterfaceOrientationPortrait UIInterfaceOrientationLandscapeLeft UIInterfaceOrientationLandscapeRight";
				LD_RUNPATH_SEARCH_PATHS = (
					"$(inherited)",
					"@executable_path/Frameworks",
				);
				MARKETING_VERSION = 1.0;
				PRODUCT_BUNDLE_IDENTIFIER = "me.Hryniuk.Viachaslau.Grocery-Price-Tracker";
				PRODUCT_NAME = "$(TARGET_NAME)";
				SWIFT_EMIT_LOC_STRINGS = YES;
				SWIFT_VERSION = 5.0;
				TARGETED_DEVICE_FAMILY = "1,2";
			};
			name = Release;
		};
/* End XCBuildConfiguration section */

/* Begin XCConfigurationList section */
		569434342B0161000074E16A /* Build configuration list for PBXProject "Daily Dose Of Positivity" */ = {
			isa = XCConfigurationList;
			buildConfigurations = (
				569434452B0161030074E16A /* Debug */,
				569434462B0161030074E16A /* Release */,
			);
			defaultConfigurationIsVisible = 0;
			defaultConfigurationName = Release;
		};
		569434472B0161030074E16A /* Build configuration list for PBXNativeTarget "Daily Dose Of Positivity" */ = {
			isa = XCConfigurationList;
			buildConfigurations = (
				569434482B0161030074E16A /* Debug */,
				569434492B0161030074E16A /* Release */,
			);
			defaultConfigurationIsVisible = 0;
			defaultConfigurationName = Release;
		};
/* End XCConfigurationList section */
	};
	rootObject = 569434312B0161000074E16A /* Project object */;
}
